
Microsoft Visual Studio Solution File, Format Version 12.00
# Visual Studio Version 17
VisualStudioVersion = 17.3.32804.467
MinimumVisualStudioVersion = 10.0.40219.1
Project("{FAE04EC0-301F-11D3-BF4B-00C04F79EFBC}") = "CafeManagement", "CafeManagement.csproj", "{2B069CE2-4282-4E99-9062-05C7EF1EC6D2}"
EndProject
Global
	GlobalSection(SolutionConfigurationPlatforms) = preSolution
		Debug|Any CPU = Debug|Any CPU
		Release|Any CPU = Release|Any CPU
	EndGlobalSection
	GlobalSection(ProjectConfigurationPlatforms) = postSolution
		{2B069CE2-4282-4E99-9062-05C7EF1EC6D2}.Debug|Any CPU.ActiveCfg = Debug|Any CPU
		{2B069CE2-4282-4E99-9062-05C7EF1EC6D2}.Debug|Any CPU.Build.0 = Debug|Any CPU
		{2B069CE2-4282-4E99-9062-05C7EF1EC6D2}.Release|Any CPU.ActiveCfg = Release|Any CPU
		{2B069CE2-4282-4E99-9062-05C7EF1EC6D2}.Release|Any CPU.Build.0 = Release|Any CPU
	EndGlobalSection
	GlobalSection(SolutionProperties) = preSolution
		HideSolutionNode = FALSE
	EndGlobalSection
	GlobalSection(ExtensibilityGlobals) = postSolution
		SolutionGuid = {30E6A997-3DFB-4F83-84FE-B0D9786B9179}
	EndGlobalSection
EndGlobal
